
Microsoft Visual Studio Solution File, Format Version 12.00
# Visual Studio Version 17
VisualStudioVersion = 17.4.33110.190
MinimumVisualStudioVersion = 10.0.40219.1
Project("{9A19103F-16F7-4668-BE54-9A1E7A4F7556}") = "OfficeMicroService", "OfficeMicroService\OfficeMicroService.csproj", "{899A1953-2616-4359-B7C6-EE6EC7A8BFD3}"
EndProject
Project("{FAE04EC0-301F-11D3-BF4B-00C04F79EFBC}") = "OfficeMicroService.Test", "OfficeMicroService.Test\OfficeMicroService.Test.csproj", "{77165F8D-D7F2-4BA3-A495-EC79EB568735}"
EndProject
Global
	GlobalSection(SolutionConfigurationPlatforms) = preSolution
		Debug|Any CPU = Debug|Any CPU
		Release|Any CPU = Release|Any CPU
	EndGlobalSection
	GlobalSection(ProjectConfigurationPlatforms) = postSolution
		{899A1953-2616-4359-B7C6-EE6EC7A8BFD3}.Debug|Any CPU.ActiveCfg = Debug|Any CPU
		{899A1953-2616-4359-B7C6-EE6EC7A8BFD3}.Debug|Any CPU.Build.0 = Debug|Any CPU
		{899A1953-2616-4359-B7C6-EE6EC7A8BFD3}.Release|Any CPU.ActiveCfg = Release|Any CPU
		{899A1953-2616-4359-B7C6-EE6EC7A8BFD3}.Release|Any CPU.Build.0 = Release|Any CPU
		{77165F8D-D7F2-4BA3-A495-EC79EB568735}.Debug|Any CPU.ActiveCfg = Debug|Any CPU
		{77165F8D-D7F2-4BA3-A495-EC79EB568735}.Debug|Any CPU.Build.0 = Debug|Any CPU
		{77165F8D-D7F2-4BA3-A495-EC79EB568735}.Release|Any CPU.ActiveCfg = Release|Any CPU
		{77165F8D-D7F2-4BA3-A495-EC79EB568735}.Release|Any CPU.Build.0 = Release|Any CPU
	EndGlobalSection
	GlobalSection(SolutionProperties) = preSolution
		HideSolutionNode = FALSE
	EndGlobalSection
	GlobalSection(ExtensibilityGlobals) = postSolution
		SolutionGuid = {5C81EF2B-68D7-406E-88C0-AC9EEBB85A1B}
	EndGlobalSection
EndGlobal
